<?xml version="1.0" encoding="utf-8"?>
<Project ToolsVersion="4.0" xmlns="http://schemas.microsoft.com/developer/msbuild/2003">
  <ItemGroup>
    <Filter Include="ソース ファイル">
      <UniqueIdentifier>{4FC737F1-C7A5-4376-A066-2A32D752A2FF}</UniqueIdentifier>
      <Extensions>cpp;c;cc;cxx;def;odl;idl;hpj;bat;asm;asmx</Extensions>
    </Filter>
    <Filter Include="ヘッダー ファイル">
      <UniqueIdentifier>{93995380-89BD-4b04-88EB-625FBE52EBFB}</UniqueIdentifier>
      <Extensions>h;hh;hpp;hxx;hm;inl;inc;xsd</Extensions>
    </Filter>
    <Filter Include="リソース ファイル">
      <UniqueIdentifier>{67DA6AB6-F800-4c08-8B7A-83BB121AAD01}</UniqueIdentifier>
      <Extensions>rc;ico;cur;bmp;dlg;rc2;rct;bin;rgs;gif;jpg;jpeg;jpe;resx;tiff;tif;png;wav;mfcribbon-ms</Extensions>
    </Filter>
    <Filter Include="ソース ファイル\コンソールライブラリ">
      <UniqueIdentifier>{f79b415b-ef00-4c08-a4ee-dd77a713b725}</UniqueIdentifier>
    </Filter>
    <Filter Include="ソース ファイル\ゲームオブジェクト">
      <UniqueIdentifier>{f4c3d010-01d6-444b-aa69-cfb6b9163db4}</UniqueIdentifier>
    </Filter>
    <Filter Include="ソース ファイル\ゲームライブラリ">
      <UniqueIdentifier>{404b426b-b134-4160-a7b0-9d2ae8f8c009}</UniqueIdentifier>
    </Filter>
    <Filter Include="ヘッダー ファイル\CXLib %28コンソール図形描画ライブラリ%29">
      <UniqueIdentifier>{698d0cc3-aa9d-4d6e-b2ed-966e1052ad89}</UniqueIdentifier>
    </Filter>
    <Filter Include="ソース ファイル\CXLib %28コンソール図形描画ライブラリ%29">
      <UniqueIdentifier>{1922a6a1-74a1-4ccb-a184-7b8d038ae60a}</UniqueIdentifier>
    </Filter>
    <Filter Include="ヘッダー ファイル\ゲームオブジェクト">
      <UniqueIdentifier>{11a742ec-3d53-46a5-9769-a2bd9abac253}</UniqueIdentifier>
    </Filter>
    <Filter Include="ヘッダー ファイル\ゲームライブラリ">
      <UniqueIdentifier>{4b71b028-247e-4c27-9d97-06a1d94ea0d0}</UniqueIdentifier>
    </Filter>
    <Filter Include="ヘッダー ファイル\コンソールライブラリ">
      <UniqueIdentifier>{6ef21b13-3101-4333-a1be-2eecaa8a0d93}</UniqueIdentifier>
    </Filter>
  </ItemGroup>
  <ItemGroup>
    <ClCompile Include="Main.cpp">
      <Filter>ソース ファイル</Filter>
    </ClCompile>
    <ClCompile Include="Game\GameMain.cpp">
      <Filter>ソース ファイル</Filter>
    </ClCompile>
    <ClCompile Include="Game\BufferedConsole.cpp">
      <Filter>ソース ファイル\CXLib %28コンソール図形描画ライブラリ%29</Filter>
    </ClCompile>
    <ClCompile Include="Game\CXFont.cpp">
      <Filter>ソース ファイル\CXLib %28コンソール図形描画ライブラリ%29</Filter>
    </ClCompile>
    <ClCompile Include="Game\CXLib.cpp">
      <Filter>ソース ファイル\CXLib %28コンソール図形描画ライブラリ%29</Filter>
    </ClCompile>
    <ClCompile Include="Game\Console.cpp">
      <Filter>ソース ファイル\コンソールライブラリ</Filter>
    </ClCompile>
    <ClCompile Include="Game\SpeedTest.cpp">
      <Filter>ソース ファイル\CXLib %28コンソール図形描画ライブラリ%29</Filter>
    </ClCompile>
    <ClCompile Include="Game\Vec2.cpp">
      <Filter>ソース ファイル\ゲームライブラリ</Filter>
    </ClCompile>
    <ClCompile Include="Game\InputManager.cpp">
      <Filter>ソース ファイル\ゲームライブラリ</Filter>
    </ClCompile>
    <ClCompile Include="Game\GameUtils.cpp">
      <Filter>ソース ファイル\ゲームライブラリ</Filter>
    </ClCompile>
    <ClCompile Include="Game\GameObject.cpp">
      <Filter>ソース ファイル\ゲームオブジェクト</Filter>
    </ClCompile>
    <ClCompile Include="Game\GameObjects.cpp">
      <Filter>ソース ファイル\ゲームオブジェクト</Filter>
    </ClCompile>
    <ClCompile Include="Game\GameScore.cpp">
      <Filter>ソース ファイル\ゲームオブジェクト</Filter>
    </ClCompile>
    <ClCompile Include="Game\GameController.cpp">
      <Filter>ソース ファイル\ゲームオブジェクト</Filter>
    </ClCompile>
    <ClCompile Include="Game\GameControllers.cpp">
      <Filter>ソース ファイル\ゲームオブジェクト</Filter>
    </ClCompile>
    <ClCompile Include="Game\GameScene.cpp">
      <Filter>ソース ファイル</Filter>
    </ClCompile>
  </ItemGroup>
  <ItemGroup>
    <ClInclude Include="Game\GameMain.h">
      <Filter>ヘッダー ファイル</Filter>
    </ClInclude>
    <ClInclude Include="Game\GameScene.h">
      <Filter>ヘッダー ファイル</Filter>
    </ClInclude>
    <ClInclude Include="Game\Console.h">
      <Filter>ヘッダー ファイル\コンソールライブラリ</Filter>
    </ClInclude>
    <ClInclude Include="Game\BufferedConsole.h">
      <Filter>ヘッダー ファイル\CXLib %28コンソール図形描画ライブラリ%29</Filter>
    </ClInclude>
    <ClInclude Include="Game\SpeedTest.h">
      <Filter>ヘッダー ファイル\CXLib %28コンソール図形描画ライブラリ%29</Filter>
    </ClInclude>
    <ClInclude Include="Game\CXLib.h">
      <Filter>ヘッダー ファイル\CXLib %28コンソール図形描画ライブラリ%29</Filter>
    </ClInclude>
    <ClInclude Include="Game\CXFont.h">
      <Filter>ヘッダー ファイル\CXLib %28コンソール図形描画ライブラリ%29</Filter>
    </ClInclude>
    <ClInclude Include="Game\Game.h">
      <Filter>ヘッダー ファイル\ゲームライブラリ</Filter>
    </ClInclude>
    <ClInclude Include="Game\InputManager.h">
      <Filter>ヘッダー ファイル\ゲームライブラリ</Filter>
    </ClInclude>
    <ClInclude Include="Game\Vec2.h">
      <Filter>ヘッダー ファイル\ゲームライブラリ</Filter>
    </ClInclude>
    <ClInclude Include="Game\GameUtils.h">
      <Filter>ヘッダー ファイル\ゲームライブラリ</Filter>
    </ClInclude>
    <ClInclude Include="Game\GameControllers.h">
      <Filter>ヘッダー ファイル\ゲームオブジェクト</Filter>
    </ClInclude>
    <ClInclude Include="Game\GameController.h">
      <Filter>ヘッダー ファイル\ゲームオブジェクト</Filter>
    </ClInclude>
    <ClInclude Include="Game\GameObject.h">
      <Filter>ヘッダー ファイル\ゲームオブジェクト</Filter>
    </ClInclude>
    <ClInclude Include="Game\GameObjects.h">
      <Filter>ヘッダー ファイル\ゲームオブジェクト</Filter>
    </ClInclude>
    <ClInclude Include="Game\GameScore.h">
      <Filter>ヘッダー ファイル\ゲームオブジェクト</Filter>
    </ClInclude>
  </ItemGroup>
</Project>